
Microsoft Visual Studio Solution File, Format Version 12.00
# Visual Studio Version 17
VisualStudioVersion = 17.4.33213.308
MinimumVisualStudioVersion = 10.0.40219.1
Project("{FAE04EC0-301F-11D3-BF4B-00C04F79EFBC}") = "ProductsAPI", "ProductsAPI\ProductsAPI.csproj", "{9850C70B-B4B5-4064-BC21-AE8A1CE79EEF}"
EndProject
Global
	GlobalSection(SolutionConfigurationPlatforms) = preSolution
		Debug|Any CPU = Debug|Any CPU
		Release|Any CPU = Release|Any CPU
	EndGlobalSection
	GlobalSection(ProjectConfigurationPlatforms) = postSolution
		{9850C70B-B4B5-4064-BC21-AE8A1CE79EEF}.Debug|Any CPU.ActiveCfg = Debug|Any CPU
		{9850C70B-B4B5-4064-BC21-AE8A1CE79EEF}.Debug|Any CPU.Build.0 = Debug|Any CPU
		{9850C70B-B4B5-4064-BC21-AE8A1CE79EEF}.Release|Any CPU.ActiveCfg = Release|Any CPU
		{9850C70B-B4B5-4064-BC21-AE8A1CE79EEF}.Release|Any CPU.Build.0 = Release|Any CPU
	EndGlobalSection
	GlobalSection(SolutionProperties) = preSolution
		HideSolutionNode = FALSE
	EndGlobalSection
	GlobalSection(ExtensibilityGlobals) = postSolution
		SolutionGuid = {7A2CA980-1D84-439F-970A-6AF985F8C285}
	EndGlobalSection
EndGlobal
